
Microsoft Visual Studio Solution File, Format Version 12.00
# Visual Studio 15
VisualStudioVersion = 15.0.27428.2043
MinimumVisualStudioVersion = 10.0.40219.1
Project("{FAE04EC0-301F-11D3-BF4B-00C04F79EFBC}") = "ListAuthorsADONetWPF", "ListAuthorsADONetWPF\ListAuthorsADONetWPF.csproj", "{65D40069-79F3-408B-A450-3BA1B18B0CFF}"
EndProject
Global
	GlobalSection(SolutionConfigurationPlatforms) = preSolution
		Debug|Any CPU = Debug|Any CPU
		Release|Any CPU = Release|Any CPU
	EndGlobalSection
	GlobalSection(ProjectConfigurationPlatforms) = postSolution
		{65D40069-79F3-408B-A450-3BA1B18B0CFF}.Debug|Any CPU.ActiveCfg = Debug|Any CPU
		{65D40069-79F3-408B-A450-3BA1B18B0CFF}.Debug|Any CPU.Build.0 = Debug|Any CPU
		{65D40069-79F3-408B-A450-3BA1B18B0CFF}.Release|Any CPU.ActiveCfg = Release|Any CPU
		{65D40069-79F3-408B-A450-3BA1B18B0CFF}.Release|Any CPU.Build.0 = Release|Any CPU
	EndGlobalSection
	GlobalSection(SolutionProperties) = preSolution
		HideSolutionNode = FALSE
	EndGlobalSection
	GlobalSection(ExtensibilityGlobals) = postSolution
		SolutionGuid = {054F076E-63A8-48B1-8FE9-9C563A70729C}
	EndGlobalSection
EndGlobal
